aqwari.net/net/styx v0.0.0-20200607052449-91faf1aa2e2d h1:mB2JGJPF0fzOA9Wf0ZLFE05cJEuqNwKjKQqjOJHAgVY=
aqwari.net/net/styx v0.0.0-20200607052449-91faf1aa2e2d/go.mod h1:kcgWZDVb63SSKKIBVLUnQRF4RB87fVss6sZ6HZkq69o=
aqwari.net/retry v0.0.0-20180428204214-1281ce5d8df0 h1:BeD6U5TNwhMWxeydyi5xqpaNZx1MWl5QTcW4w7Mxf+Y=
aqwari.net/retry v0.0.0-20180428204214-1281ce5d8df0/go.mod h1:XSNyyoM+OSg3vRmROPrS1lEpV7q/I9J1HAKMMxdUkU4=
